
Microsoft Visual Studio Solution File, Format Version 12.00
# Visual Studio 15
VisualStudioVersion = 15.0.26124.0
MinimumVisualStudioVersion = 15.0.26124.0
Project("{FAE04EC0-301F-11D3-BF4B-00C04F79EFBC}") = "webexec-core", "core\webexec-core.csproj", "{F6FCF5CA-9D2B-401C-9B70-509F126E1B98}"
EndProject
Project("{FAE04EC0-301F-11D3-BF4B-00C04F79EFBC}") = "tests", "core.tests\tests.csproj", "{3584A328-655B-4696-BF63-C77DCD8C29F9}"
EndProject
Global
	GlobalSection(SolutionConfigurationPlatforms) = preSolution
		Debug|Any CPU = Debug|Any CPU
		Debug|x64 = Debug|x64
		Debug|x86 = Debug|x86
		Release|Any CPU = Release|Any CPU
		Release|x64 = Release|x64
		Release|x86 = Release|x86
	EndGlobalSection
	GlobalSection(SolutionProperties) = preSolution
		HideSolutionNode = FALSE
	EndGlobalSection
	GlobalSection(ProjectConfigurationPlatforms) = postSolution
		{F6FCF5CA-9D2B-401C-9B70-509F126E1B98}.Debug|Any CPU.ActiveCfg = Debug|Any CPU
		{F6FCF5CA-9D2B-401C-9B70-509F126E1B98}.Debug|Any CPU.Build.0 = Debug|Any CPU
		{F6FCF5CA-9D2B-401C-9B70-509F126E1B98}.Debug|x64.ActiveCfg = Debug|Any CPU
		{F6FCF5CA-9D2B-401C-9B70-509F126E1B98}.Debug|x64.Build.0 = Debug|Any CPU
		{F6FCF5CA-9D2B-401C-9B70-509F126E1B98}.Debug|x86.ActiveCfg = Debug|Any CPU
		{F6FCF5CA-9D2B-401C-9B70-509F126E1B98}.Debug|x86.Build.0 = Debug|Any CPU
		{F6FCF5CA-9D2B-401C-9B70-509F126E1B98}.Release|Any CPU.ActiveCfg = Release|Any CPU
		{F6FCF5CA-9D2B-401C-9B70-509F126E1B98}.Release|Any CPU.Build.0 = Release|Any CPU
		{F6FCF5CA-9D2B-401C-9B70-509F126E1B98}.Release|x64.ActiveCfg = Release|Any CPU
		{F6FCF5CA-9D2B-401C-9B70-509F126E1B98}.Release|x64.Build.0 = Release|Any CPU
		{F6FCF5CA-9D2B-401C-9B70-509F126E1B98}.Release|x86.ActiveCfg = Release|Any CPU
		{F6FCF5CA-9D2B-401C-9B70-509F126E1B98}.Release|x86.Build.0 = Release|Any CPU
		{3584A328-655B-4696-BF63-C77DCD8C29F9}.Debug|Any CPU.ActiveCfg = Debug|Any CPU
		{3584A328-655B-4696-BF63-C77DCD8C29F9}.Debug|Any CPU.Build.0 = Debug|Any CPU
		{3584A328-655B-4696-BF63-C77DCD8C29F9}.Debug|x64.ActiveCfg = Debug|Any CPU
		{3584A328-655B-4696-BF63-C77DCD8C29F9}.Debug|x64.Build.0 = Debug|Any CPU
		{3584A328-655B-4696-BF63-C77DCD8C29F9}.Debug|x86.ActiveCfg = Debug|Any CPU
		{3584A328-655B-4696-BF63-C77DCD8C29F9}.Debug|x86.Build.0 = Debug|Any CPU
		{3584A328-655B-4696-BF63-C77DCD8C29F9}.Release|Any CPU.ActiveCfg = Release|Any CPU
		{3584A328-655B-4696-BF63-C77DCD8C29F9}.Release|Any CPU.Build.0 = Release|Any CPU
		{3584A328-655B-4696-BF63-C77DCD8C29F9}.Release|x64.ActiveCfg = Release|Any CPU
		{3584A328-655B-4696-BF63-C77DCD8C29F9}.Release|x64.Build.0 = Release|Any CPU
		{3584A328-655B-4696-BF63-C77DCD8C29F9}.Release|x86.ActiveCfg = Release|Any CPU
		{3584A328-655B-4696-BF63-C77DCD8C29F9}.Release|x86.Build.0 = Release|Any CPU
	EndGlobalSection
EndGlobal
